
Microsoft Visual Studio Solution File, Format Version 12.00
# Visual Studio Version 16
VisualStudioVersion = 16.0.31129.286
MinimumVisualStudioVersion = 10.0.40219.1
Project("{FAE04EC0-301F-11D3-BF4B-00C04F79EFBC}") = "LessonDemo", "LessonDemo\LessonDemo.csproj", "{90CC5506-B4B6-4E84-ABC2-EAE80E056E1E}"
EndProject
Project("{FAE04EC0-301F-11D3-BF4B-00C04F79EFBC}") = "Lesson02_NhapXuat", "Lesson02_NhapXuat\Lesson02_NhapXuat.csproj", "{E63407D6-75F5-4920-86BE-DCB53A6ADA60}"
EndProject
Global
	GlobalSection(SolutionConfigurationPlatforms) = preSolution
		Debug|Any CPU = Debug|Any CPU
		Release|Any CPU = Release|Any CPU
	EndGlobalSection
	GlobalSection(ProjectConfigurationPlatforms) = postSolution
		{90CC5506-B4B6-4E84-ABC2-EAE80E056E1E}.Debug|Any CPU.ActiveCfg = Debug|Any CPU
		{90CC5506-B4B6-4E84-ABC2-EAE80E056E1E}.Debug|Any CPU.Build.0 = Debug|Any CPU
		{90CC5506-B4B6-4E84-ABC2-EAE80E056E1E}.Release|Any CPU.ActiveCfg = Release|Any CPU
		{90CC5506-B4B6-4E84-ABC2-EAE80E056E1E}.Release|Any CPU.Build.0 = Release|Any CPU
		{E63407D6-75F5-4920-86BE-DCB53A6ADA60}.Debug|Any CPU.ActiveCfg = Debug|Any CPU
		{E63407D6-75F5-4920-86BE-DCB53A6ADA60}.Debug|Any CPU.Build.0 = Debug|Any CPU
		{E63407D6-75F5-4920-86BE-DCB53A6ADA60}.Release|Any CPU.ActiveCfg = Release|Any CPU
		{E63407D6-75F5-4920-86BE-DCB53A6ADA60}.Release|Any CPU.Build.0 = Release|Any CPU
	EndGlobalSection
	GlobalSection(SolutionProperties) = preSolution
		HideSolutionNode = FALSE
	EndGlobalSection
	GlobalSection(ExtensibilityGlobals) = postSolution
		SolutionGuid = {FF9F460B-A08E-4517-8EBF-2644BDE73401}
	EndGlobalSection
EndGlobal
